// !$*UTF8*$!
{
	archiveVersion = 1;
	classes = {
	};
	objectVersion = 56;
	objects = {

/* Begin PBXBuildFile section */
		AE0C233C2AF7D17600EBB864 /* 나머지가 1이 되는 수 찾기.swift in Sources */ = {isa = PBXBuildFile; fileRef = AE0C233B2AF7D17600EBB864 /* 나머지가 1이 되는 수 찾기.swift */; };
		AE0C23622AFE70F000EBB864 /* 하샤드 수.swift in Sources */ = {isa = PBXBuildFile; fileRef = AE0C23612AFE70F000EBB864 /* 하샤드 수.swift */; };
		AE1F6C4F2B00FD1800E8F3A4 /* 문자열을 정수로 바꾸기.swift in Sources */ = {isa = PBXBuildFile; fileRef = AE1F6C4E2B00FD1800E8F3A4 /* 문자열을 정수로 바꾸기.swift */; };
		AE7DC5712B072A2C0019249F /* 없는 숫자 더하기.swift in Sources */ = {isa = PBXBuildFile; fileRef = AE7DC5702B072A2C0019249F /* 없는 숫자 더하기.swift */; };
		AE7DC5792B08FD4E0019249F /* 두 정수 사이의 합.swift in Sources */ = {isa = PBXBuildFile; fileRef = AE7DC5782B08FD4E0019249F /* 두 정수 사이의 합.swift */; };
		AE7DC5812B0F91EC0019249F /* 약수의 갯수와 덧셈.swift in Sources */ = {isa = PBXBuildFile; fileRef = AE7DC5802B0F91EC0019249F /* 약수의 갯수와 덧셈.swift */; };
		AE7DC5832B1237830019249F /* 문자열 다루기 기본.swift in Sources */ = {isa = PBXBuildFile; fileRef = AE7DC5822B1237830019249F /* 문자열 다루기 기본.swift */; };
		AE7DC5852B136E250019249F /* 행렬의 덧셈.swift in Sources */ = {isa = PBXBuildFile; fileRef = AE7DC5842B136E250019249F /* 행렬의 덧셈.swift */; };
		AE7DC58B2B1CA9A00019249F /* 최대공약수와 최소공배수.swift in Sources */ = {isa = PBXBuildFile; fileRef = AE7DC58A2B1CA9A00019249F /* 최대공약수와 최소공배수.swift */; };
		AE898C962AF5318E00882501 /* 짝수와 홀수.swift in Sources */ = {isa = PBXBuildFile; fileRef = AE898C952AF5318E00882501 /* 짝수와 홀수.swift */; };
		CA0FD7832B26922500F1E3EE /* 올바른 괄호.swift in Sources */ = {isa = PBXBuildFile; fileRef = CA0FD7822B26922500F1E3EE /* 올바른 괄호.swift */; };
		CA0FD7852B27F87C00F1E3EE /* 3진법 뒤집기.swift in Sources */ = {isa = PBXBuildFile; fileRef = CA0FD7842B27F87C00F1E3EE /* 3진법 뒤집기.swift */; };
		CA0FD7872B28263900F1E3EE /* 이상한 문자 만들기.swift in Sources */ = {isa = PBXBuildFile; fileRef = CA0FD7862B28263900F1E3EE /* 이상한 문자 만들기.swift */; };
		CA37552A2B1E9ED000904985 /* JadenCase 문자열 만들기.swift in Sources */ = {isa = PBXBuildFile; fileRef = CA3755292B1E9ED000904985 /* JadenCase 문자열 만들기.swift */; };
		CA37552C2B1FF70100904985 /* 최솟값 만들기.swift in Sources */ = {isa = PBXBuildFile; fileRef = CA37552B2B1FF70100904985 /* 최솟값 만들기.swift */; };
		CA3D47D92B102A7B00A831F2 /* 문자열 내림차순으로 배치하기.swift in Sources */ = {isa = PBXBuildFile; fileRef = CA3D47D82B102A7B00A831F2 /* 문자열 내림차순으로 배치하기.swift */; };
		CA57EBDC2B3BBB0800797473 /* 숫자 문자열과 영단어.swift in Sources */ = {isa = PBXBuildFile; fileRef = CA57EBDB2B3BBB0800797473 /* 숫자 문자열과 영단어.swift */; };
		CA57EBDF2B3D08FE00797473 /* 문자열 내 마음대로 정렬하기.swift in Sources */ = {isa = PBXBuildFile; fileRef = CA57EBDE2B3D08FE00797473 /* 문자열 내 마음대로 정렬하기.swift */; };
		CA57EBE12B451A8700797473 /* K번째수.swift in Sources */ = {isa = PBXBuildFile; fileRef = CA57EBE02B451A8700797473 /* K번째수.swift */; };
		CA57EBE32B4539EF00797473 /* 푸드 파이트 대회.swift in Sources */ = {isa = PBXBuildFile; fileRef = CA57EBE22B4539EF00797473 /* 푸드 파이트 대회.swift */; };
		CA57EBE52B462E7500797473 /* 영어 끝말잇기.swift in Sources */ = {isa = PBXBuildFile; fileRef = CA57EBE42B462E7500797473 /* 영어 끝말잇기.swift */; };
		CA57EBEC2B477DBE00797473 /* 두 개 뽑아서 더하기.swift in Sources */ = {isa = PBXBuildFile; fileRef = CA57EBEB2B477DBE00797473 /* 두 개 뽑아서 더하기.swift */; };
		CA57EBEE2B47857F00797473 /* 예상 대진표.swift in Sources */ = {isa = PBXBuildFile; fileRef = CA57EBED2B47857F00797473 /* 예상 대진표.swift */; };
		CA57EBF02B47958500797473 /* [1차] 비밀지도.swift in Sources */ = {isa = PBXBuildFile; fileRef = CA57EBEF2B47958500797473 /* [1차] 비밀지도.swift */; };
		CA57EBF52B4B91FC00797473 /* 점프와 순간 이동.swift in Sources */ = {isa = PBXBuildFile; fileRef = CA57EBF42B4B91FC00797473 /* 점프와 순간 이동.swift */; };
		CA57EBF72B4BB05500797473 /* 콜라 문제.swift in Sources */ = {isa = PBXBuildFile; fileRef = CA57EBF62B4BB05500797473 /* 콜라 문제.swift */; };
		CA57EBF92B4BBD9200797473 /* N개의 최소공배수.swift in Sources */ = {isa = PBXBuildFile; fileRef = CA57EBF82B4BBD9200797473 /* N개의 최소공배수.swift */; };
		CA57EBFB2B4CD5F700797473 /* 멀리 뛰기.swift in Sources */ = {isa = PBXBuildFile; fileRef = CA57EBFA2B4CD5F700797473 /* 멀리 뛰기.swift */; };
		CA5FB1302AF869E300D6D526 /* main.swift in Sources */ = {isa = PBXBuildFile; fileRef = CA5FB12F2AF869E300D6D526 /* main.swift */; };
		CA5FB1322AF869F000D6D526 /* 정수 제곱근 판별.swift in Sources */ = {isa = PBXBuildFile; fileRef = CA5FB1312AF869F000D6D526 /* 정수 제곱근 판별.swift */; };
		CA5FB1382AF9BDB900D6D526 /* 자연수 뒤집어 배열로 만들기.swift in Sources */ = {isa = PBXBuildFile; fileRef = CA5FB1372AF9BDB900D6D526 /* 자연수 뒤집어 배열로 만들기.swift */; };
		CA5FB13A2AF9BEB000D6D526 /* x만큼 간격이 있는 n개의 숫자.swift in Sources */ = {isa = PBXBuildFile; fileRef = CA5FB1392AF9BEB000D6D526 /* x만큼 간격이 있는 n개의 숫자.swift */; };
		CA6065A42B0C2E71002B4912 /* 가운데 글자 가져오기.swift in Sources */ = {isa = PBXBuildFile; fileRef = CA6065A32B0C2E71002B4912 /* 가운데 글자 가져오기.swift */; };
		CA6065A82B0D84C8002B4912 /* 내적.swift in Sources */ = {isa = PBXBuildFile; fileRef = CA6065A72B0D84C8002B4912 /* 내적.swift */; };
		CA6065B62B0ED676002B4912 /* 수박수박수박수박수.swift in Sources */ = {isa = PBXBuildFile; fileRef = CA6065B52B0ED676002B4912 /* 수박수박수박수박수.swift */; };
		CA7E82572B5F4306002BAAA3 /* 카드 뭉치.swift in Sources */ = {isa = PBXBuildFile; fileRef = CA7E82562B5F4306002BAAA3 /* 카드 뭉치.swift */; };
		CA7E82592B5F4994002BAAA3 /* 괄호 회전하기.swift in Sources */ = {isa = PBXBuildFile; fileRef = CA7E82582B5F4994002BAAA3 /* 괄호 회전하기.swift */; };
		CA7E82762B620120002BAAA3 /* n^2 배열 자르기.swift in Sources */ = {isa = PBXBuildFile; fileRef = CA7E82752B620120002BAAA3 /* n^2 배열 자르기.swift */; };
		CA7E827A2B623D6B002BAAA3 /* 할인 행사.swift in Sources */ = {isa = PBXBuildFile; fileRef = CA7E82792B623D6B002BAAA3 /* 할인 행사.swift */; };
		CA85BB3D2B2C253900528A29 /* 삼총사.swift in Sources */ = {isa = PBXBuildFile; fileRef = CA85BB3C2B2C253900528A29 /* 삼총사.swift */; };
		CA8FE1AC2B1D58CD003C27BE /* 최댓값과 최솟값.swift in Sources */ = {isa = PBXBuildFile; fileRef = CA8FE1AB2B1D58CD003C27BE /* 최댓값과 최솟값.swift */; };
		CAAA6EDA2B4FC2FB0041AA5C /* 추억 점수.swift in Sources */ = {isa = PBXBuildFile; fileRef = CAAA6ED92B4FC2FB0041AA5C /* 추억 점수.swift */; };
		CAAA6EDC2B511A140041AA5C /* 귤 고르기.swift in Sources */ = {isa = PBXBuildFile; fileRef = CAAA6EDB2B511A140041AA5C /* 귤 고르기.swift */; };
		CAAA6EDE2B5612CD0041AA5C /* 연속 부분 수열 합의 갯수.swift in Sources */ = {isa = PBXBuildFile; fileRef = CAAA6EDD2B5612CD0041AA5C /* 연속 부분 수열 합의 갯수.swift */; };
		CAAD326B2AFC7CCF001761A3 /* 문자열 내 p와 y의 갯수.swift in Sources */ = {isa = PBXBuildFile; fileRef = CAAD326A2AFC7CCF001761A3 /* 문자열 내 p와 y의 갯수.swift */; };
		CAAD326F2AFC7D49001761A3 /* 정수 내림차순으로 배치하기.swift in Sources */ = {isa = PBXBuildFile; fileRef = CAAD326E2AFC7D49001761A3 /* 정수 내림차순으로 배치하기.swift */; };
		CAAEC2AF2B292E6600E1F807 /* 이진 변환 반복하기.swift in Sources */ = {isa = PBXBuildFile; fileRef = CAAEC2AE2B292E6600E1F807 /* 이진 변환 반복하기.swift */; };
		CAAEC2B12B2A88FB00E1F807 /* 크기가 작은 부분문자열.swift in Sources */ = {isa = PBXBuildFile; fileRef = CAAEC2B02B2A88FB00E1F807 /* 크기가 작은 부분문자열.swift */; };
		CAAEC2B32B2AD31C00E1F807 /* 다음 큰 숫자.swift in Sources */ = {isa = PBXBuildFile; fileRef = CAAEC2B22B2AD31C00E1F807 /* 다음 큰 숫자.swift */; };
		CAAEF1212B31248E00673353 /* 최소직사각형.swift in Sources */ = {isa = PBXBuildFile; fileRef = CAAEF1202B31248E00673353 /* 최소직사각형.swift */; };
		CAAEF1232B312DBF00673353 /* 피보나치 수.swift in Sources */ = {isa = PBXBuildFile; fileRef = CAAEF1222B312DBF00673353 /* 피보나치 수.swift */; };
		CAAEF1252B3158EA00673353 /* 시저 암호.swift in Sources */ = {isa = PBXBuildFile; fileRef = CAAEF1242B3158EA00673353 /* 시저 암호.swift */; };
		CAAEF1272B32839F00673353 /* 짝지어 제거하기.swift in Sources */ = {isa = PBXBuildFile; fileRef = CAAEF1262B32839F00673353 /* 짝지어 제거하기.swift */; };
		CAAEF1292B32B90E00673353 /* 완전탐색 - 카펫.swift in Sources */ = {isa = PBXBuildFile; fileRef = CAAEF1282B32B90E00673353 /* 완전탐색 - 카펫.swift */; };
		CAAEF1772B3A4ED100673353 /* 가장 가까운 같은 글자.swift in Sources */ = {isa = PBXBuildFile; fileRef = CAAEF1762B3A4ED100673353 /* 가장 가까운 같은 글자.swift */; };
		CAC97E182B01A42900F10AF0 /* 콜라츠 추측.swift in Sources */ = {isa = PBXBuildFile; fileRef = CAC97E172B01A42900F10AF0 /* 콜라츠 추측.swift */; };
		CAC97E1A2B01A95800F10AF0 /* 서울에서 김서방 찾기.swift in Sources */ = {isa = PBXBuildFile; fileRef = CAC97E192B01A95800F10AF0 /* 서울에서 김서방 찾기.swift */; };
		CAC97E1C2B01DD4300F10AF0 /* 핸드폰 번호 가리기.swift in Sources */ = {isa = PBXBuildFile; fileRef = CAC97E1B2B01DD4300F10AF0 /* 핸드폰 번호 가리기.swift */; };
		CAC97E1E2B01E06E00F10AF0 /* 제일 작은 수 제거하기.swift in Sources */ = {isa = PBXBuildFile; fileRef = CAC97E1D2B01E06E00F10AF0 /* 제일 작은 수 제거하기.swift */; };
		CAC97E202B03032800F10AF0 /* 음양 더하기.swift in Sources */ = {isa = PBXBuildFile; fileRef = CAC97E1F2B03032800F10AF0 /* 음양 더하기.swift */; };
		CAC97E222B05BA0500F10AF0 /* 나누어 떨어지는 숫자 배열.swift in Sources */ = {isa = PBXBuildFile; fileRef = CAC97E212B05BA0500F10AF0 /* 나누어 떨어지는 숫자 배열.swift */; };
/* End PBXBuildFile section */

/* Begin PBXCopyFilesBuildPhase section */
		AE898C902AF5318E00882501 /* CopyFiles */ = {
			isa = PBXCopyFilesBuildPhase;
			buildActionMask = 2147483647;
			dstPath = /usr/share/man/man1/;
			dstSubfolderSpec = 0;
			files = (
			);
			runOnlyForDeploymentPostprocessing = 1;
		};
/* End PBXCopyFilesBuildPhase section */

/* Begin PBXFileReference section */
		AE0C233B2AF7D17600EBB864 /* 나머지가 1이 되는 수 찾기.swift */ = {isa = PBXFileReference; lastKnownFileType = sourcecode.swift; path = "나머지가 1이 되는 수 찾기.swift"; sourceTree = "<group>"; };
		AE0C23612AFE70F000EBB864 /* 하샤드 수.swift */ = {isa = PBXFileReference; lastKnownFileType = sourcecode.swift; path = "하샤드 수.swift"; sourceTree = "<group>"; };
		AE1F6C4E2B00FD1800E8F3A4 /* 문자열을 정수로 바꾸기.swift */ = {isa = PBXFileReference; lastKnownFileType = sourcecode.swift; path = "문자열을 정수로 바꾸기.swift"; sourceTree = "<group>"; };
		AE7DC5702B072A2C0019249F /* 없는 숫자 더하기.swift */ = {isa = PBXFileReference; lastKnownFileType = sourcecode.swift; path = "없는 숫자 더하기.swift"; sourceTree = "<group>"; };
		AE7DC5782B08FD4E0019249F /* 두 정수 사이의 합.swift */ = {isa = PBXFileReference; lastKnownFileType = sourcecode.swift; path = "두 정수 사이의 합.swift"; sourceTree = "<group>"; };
		AE7DC5802B0F91EC0019249F /* 약수의 갯수와 덧셈.swift */ = {isa = PBXFileReference; lastKnownFileType = sourcecode.swift; path = "약수의 갯수와 덧셈.swift"; sourceTree = "<group>"; };
		AE7DC5822B1237830019249F /* 문자열 다루기 기본.swift */ = {isa = PBXFileReference; lastKnownFileType = sourcecode.swift; path = "문자열 다루기 기본.swift"; sourceTree = "<group>"; };
		AE7DC5842B136E250019249F /* 행렬의 덧셈.swift */ = {isa = PBXFileReference; lastKnownFileType = sourcecode.swift; path = "행렬의 덧셈.swift"; sourceTree = "<group>"; };
		AE7DC58A2B1CA9A00019249F /* 최대공약수와 최소공배수.swift */ = {isa = PBXFileReference; lastKnownFileType = sourcecode.swift; path = "최대공약수와 최소공배수.swift"; sourceTree = "<group>"; };
		AE898C922AF5318E00882501 /* Programmers_Coding_Test */ = {isa = PBXFileReference; explicitFileType = "compiled.mach-o.executable"; includeInIndex = 0; path = Programmers_Coding_Test; sourceTree = BUILT_PRODUCTS_DIR; };
		AE898C952AF5318E00882501 /* 짝수와 홀수.swift */ = {isa = PBXFileReference; lastKnownFileType = sourcecode.swift; path = "짝수와 홀수.swift"; sourceTree = "<group>"; };
		CA0FD7822B26922500F1E3EE /* 올바른 괄호.swift */ = {isa = PBXFileReference; lastKnownFileType = sourcecode.swift; path = "올바른 괄호.swift"; sourceTree = "<group>"; };
		CA0FD7842B27F87C00F1E3EE /* 3진법 뒤집기.swift */ = {isa = PBXFileReference; lastKnownFileType = sourcecode.swift; path = "3진법 뒤집기.swift"; sourceTree = "<group>"; };
		CA0FD7862B28263900F1E3EE /* 이상한 문자 만들기.swift */ = {isa = PBXFileReference; lastKnownFileType = sourcecode.swift; path = "이상한 문자 만들기.swift"; sourceTree = "<group>"; };
		CA3755292B1E9ED000904985 /* JadenCase 문자열 만들기.swift */ = {isa = PBXFileReference; lastKnownFileType = sourcecode.swift; path = "JadenCase 문자열 만들기.swift"; sourceTree = "<group>"; };
		CA37552B2B1FF70100904985 /* 최솟값 만들기.swift */ = {isa = PBXFileReference; lastKnownFileType = sourcecode.swift; path = "최솟값 만들기.swift"; sourceTree = "<group>"; };
		CA3D47D82B102A7B00A831F2 /* 문자열 내림차순으로 배치하기.swift */ = {isa = PBXFileReference; lastKnownFileType = sourcecode.swift; path = "문자열 내림차순으로 배치하기.swift"; sourceTree = "<group>"; };
		CA57EBDB2B3BBB0800797473 /* 숫자 문자열과 영단어.swift */ = {isa = PBXFileReference; lastKnownFileType = sourcecode.swift; path = "숫자 문자열과 영단어.swift"; sourceTree = "<group>"; };
		CA57EBDE2B3D08FE00797473 /* 문자열 내 마음대로 정렬하기.swift */ = {isa = PBXFileReference; lastKnownFileType = sourcecode.swift; path = "문자열 내 마음대로 정렬하기.swift"; sourceTree = "<group>"; };
		CA57EBE02B451A8700797473 /* K번째수.swift */ = {isa = PBXFileReference; lastKnownFileType = sourcecode.swift; path = "K번째수.swift"; sourceTree = "<group>"; };
		CA57EBE22B4539EF00797473 /* 푸드 파이트 대회.swift */ = {isa = PBXFileReference; lastKnownFileType = sourcecode.swift; path = "푸드 파이트 대회.swift"; sourceTree = "<group>"; };
		CA57EBE42B462E7500797473 /* 영어 끝말잇기.swift */ = {isa = PBXFileReference; lastKnownFileType = sourcecode.swift; path = "영어 끝말잇기.swift"; sourceTree = "<group>"; };
		CA57EBEB2B477DBE00797473 /* 두 개 뽑아서 더하기.swift */ = {isa = PBXFileReference; lastKnownFileType = sourcecode.swift; path = "두 개 뽑아서 더하기.swift"; sourceTree = "<group>"; };
		CA57EBED2B47857F00797473 /* 예상 대진표.swift */ = {isa = PBXFileReference; lastKnownFileType = sourcecode.swift; path = "예상 대진표.swift"; sourceTree = "<group>"; };
		CA57EBEF2B47958500797473 /* [1차] 비밀지도.swift */ = {isa = PBXFileReference; lastKnownFileType = sourcecode.swift; path = "[1차] 비밀지도.swift"; sourceTree = "<group>"; };
		CA57EBF42B4B91FC00797473 /* 점프와 순간 이동.swift */ = {isa = PBXFileReference; lastKnownFileType = sourcecode.swift; path = "점프와 순간 이동.swift"; sourceTree = "<group>"; };
		CA57EBF62B4BB05500797473 /* 콜라 문제.swift */ = {isa = PBXFileReference; lastKnownFileType = sourcecode.swift; path = "콜라 문제.swift"; sourceTree = "<group>"; };
		CA57EBF82B4BBD9200797473 /* N개의 최소공배수.swift */ = {isa = PBXFileReference; lastKnownFileType = sourcecode.swift; path = "N개의 최소공배수.swift"; sourceTree = "<group>"; };
		CA57EBFA2B4CD5F700797473 /* 멀리 뛰기.swift */ = {isa = PBXFileReference; lastKnownFileType = sourcecode.swift; path = "멀리 뛰기.swift"; sourceTree = "<group>"; };
		CA5FB12F2AF869E300D6D526 /* main.swift */ = {isa = PBXFileReference; lastKnownFileType = sourcecode.swift; path = main.swift; sourceTree = "<group>"; };
		CA5FB1312AF869F000D6D526 /* 정수 제곱근 판별.swift */ = {isa = PBXFileReference; lastKnownFileType = sourcecode.swift; path = "정수 제곱근 판별.swift"; sourceTree = "<group>"; };
		CA5FB1372AF9BDB900D6D526 /* 자연수 뒤집어 배열로 만들기.swift */ = {isa = PBXFileReference; lastKnownFileType = sourcecode.swift; path = "자연수 뒤집어 배열로 만들기.swift"; sourceTree = "<group>"; };
		CA5FB1392AF9BEB000D6D526 /* x만큼 간격이 있는 n개의 숫자.swift */ = {isa = PBXFileReference; lastKnownFileType = sourcecode.swift; path = "x만큼 간격이 있는 n개의 숫자.swift"; sourceTree = "<group>"; };
		CA6065A32B0C2E71002B4912 /* 가운데 글자 가져오기.swift */ = {isa = PBXFileReference; lastKnownFileType = sourcecode.swift; path = "가운데 글자 가져오기.swift"; sourceTree = "<group>"; };
		CA6065A72B0D84C8002B4912 /* 내적.swift */ = {isa = PBXFileReference; lastKnownFileType = sourcecode.swift; path = "내적.swift"; sourceTree = "<group>"; };
		CA6065B52B0ED676002B4912 /* 수박수박수박수박수.swift */ = {isa = PBXFileReference; lastKnownFileType = sourcecode.swift; path = "수박수박수박수박수.swift"; sourceTree = "<group>"; };
		CA7E82562B5F4306002BAAA3 /* 카드 뭉치.swift */ = {isa = PBXFileReference; lastKnownFileType = sourcecode.swift; path = "카드 뭉치.swift"; sourceTree = "<group>"; };
		CA7E82582B5F4994002BAAA3 /* 괄호 회전하기.swift */ = {isa = PBXFileReference; lastKnownFileType = sourcecode.swift; path = "괄호 회전하기.swift"; sourceTree = "<group>"; };
		CA7E82752B620120002BAAA3 /* n^2 배열 자르기.swift */ = {isa = PBXFileReference; lastKnownFileType = sourcecode.swift; path = "n^2 배열 자르기.swift"; sourceTree = "<group>"; };
		CA7E82792B623D6B002BAAA3 /* 할인 행사.swift */ = {isa = PBXFileReference; lastKnownFileType = sourcecode.swift; path = "할인 행사.swift"; sourceTree = "<group>"; };
		CA85BB3C2B2C253900528A29 /* 삼총사.swift */ = {isa = PBXFileReference; lastKnownFileType = sourcecode.swift; path = "삼총사.swift"; sourceTree = "<group>"; };
		CA8FE1AB2B1D58CD003C27BE /* 최댓값과 최솟값.swift */ = {isa = PBXFileReference; lastKnownFileType = sourcecode.swift; path = "최댓값과 최솟값.swift"; sourceTree = "<group>"; };
		CAAA6ED92B4FC2FB0041AA5C /* 추억 점수.swift */ = {isa = PBXFileReference; lastKnownFileType = sourcecode.swift; path = "추억 점수.swift"; sourceTree = "<group>"; };
		CAAA6EDB2B511A140041AA5C /* 귤 고르기.swift */ = {isa = PBXFileReference; lastKnownFileType = sourcecode.swift; path = "귤 고르기.swift"; sourceTree = "<group>"; };
		CAAA6EDD2B5612CD0041AA5C /* 연속 부분 수열 합의 갯수.swift */ = {isa = PBXFileReference; lastKnownFileType = sourcecode.swift; path = "연속 부분 수열 합의 갯수.swift"; sourceTree = "<group>"; };
		CAAD326A2AFC7CCF001761A3 /* 문자열 내 p와 y의 갯수.swift */ = {isa = PBXFileReference; lastKnownFileType = sourcecode.swift; path = "문자열 내 p와 y의 갯수.swift"; sourceTree = "<group>"; };
		CAAD326E2AFC7D49001761A3 /* 정수 내림차순으로 배치하기.swift */ = {isa = PBXFileReference; lastKnownFileType = sourcecode.swift; path = "정수 내림차순으로 배치하기.swift"; sourceTree = "<group>"; };
		CAAEC2AE2B292E6600E1F807 /* 이진 변환 반복하기.swift */ = {isa = PBXFileReference; lastKnownFileType = sourcecode.swift; path = "이진 변환 반복하기.swift"; sourceTree = "<group>"; };
		CAAEC2B02B2A88FB00E1F807 /* 크기가 작은 부분문자열.swift */ = {isa = PBXFileReference; lastKnownFileType = sourcecode.swift; path = "크기가 작은 부분문자열.swift"; sourceTree = "<group>"; };
		CAAEC2B22B2AD31C00E1F807 /* 다음 큰 숫자.swift */ = {isa = PBXFileReference; lastKnownFileType = sourcecode.swift; path = "다음 큰 숫자.swift"; sourceTree = "<group>"; };
		CAAEF1202B31248E00673353 /* 최소직사각형.swift */ = {isa = PBXFileReference; lastKnownFileType = sourcecode.swift; path = "최소직사각형.swift"; sourceTree = "<group>"; };
		CAAEF1222B312DBF00673353 /* 피보나치 수.swift */ = {isa = PBXFileReference; lastKnownFileType = sourcecode.swift; path = "피보나치 수.swift"; sourceTree = "<group>"; };
		CAAEF1242B3158EA00673353 /* 시저 암호.swift */ = {isa = PBXFileReference; lastKnownFileType = sourcecode.swift; path = "시저 암호.swift"; sourceTree = "<group>"; };
		CAAEF1262B32839F00673353 /* 짝지어 제거하기.swift */ = {isa = PBXFileReference; lastKnownFileType = sourcecode.swift; path = "짝지어 제거하기.swift"; sourceTree = "<group>"; };
		CAAEF1282B32B90E00673353 /* 완전탐색 - 카펫.swift */ = {isa = PBXFileReference; lastKnownFileType = sourcecode.swift; path = "완전탐색 - 카펫.swift"; sourceTree = "<group>"; };
		CAAEF1762B3A4ED100673353 /* 가장 가까운 같은 글자.swift */ = {isa = PBXFileReference; lastKnownFileType = sourcecode.swift; path = "가장 가까운 같은 글자.swift"; sourceTree = "<group>"; };
		CAC97E172B01A42900F10AF0 /* 콜라츠 추측.swift */ = {isa = PBXFileReference; lastKnownFileType = sourcecode.swift; path = "콜라츠 추측.swift"; sourceTree = "<group>"; };
		CAC97E192B01A95800F10AF0 /* 서울에서 김서방 찾기.swift */ = {isa = PBXFileReference; lastKnownFileType = sourcecode.swift; path = "서울에서 김서방 찾기.swift"; sourceTree = "<group>"; };
		CAC97E1B2B01DD4300F10AF0 /* 핸드폰 번호 가리기.swift */ = {isa = PBXFileReference; lastKnownFileType = sourcecode.swift; path = "핸드폰 번호 가리기.swift"; sourceTree = "<group>"; };
		CAC97E1D2B01E06E00F10AF0 /* 제일 작은 수 제거하기.swift */ = {isa = PBXFileReference; lastKnownFileType = sourcecode.swift; path = "제일 작은 수 제거하기.swift"; sourceTree = "<group>"; };
		CAC97E1F2B03032800F10AF0 /* 음양 더하기.swift */ = {isa = PBXFileReference; lastKnownFileType = sourcecode.swift; path = "음양 더하기.swift"; sourceTree = "<group>"; };
		CAC97E212B05BA0500F10AF0 /* 나누어 떨어지는 숫자 배열.swift */ = {isa = PBXFileReference; lastKnownFileType = sourcecode.swift; path = "나누어 떨어지는 숫자 배열.swift"; sourceTree = "<group>"; };
/* End PBXFileReference section */

/* Begin PBXFrameworksBuildPhase section */
		AE898C8F2AF5318E00882501 /* Frameworks */ = {
			isa = PBXFrameworksBuildPhase;
			buildActionMask = 2147483647;
			files = (
			);
			runOnlyForDeploymentPostprocessing = 0;
		};
/* End PBXFrameworksBuildPhase section */

/* Begin PBXGroup section */
		AE898C892AF5318E00882501 = {
			isa = PBXGroup;
			children = (
				AE898C942AF5318E00882501 /* Programmers_Coding_Test */,
				AE898C932AF5318E00882501 /* Products */,
			);
			sourceTree = "<group>";
		};
		AE898C932AF5318E00882501 /* Products */ = {
			isa = PBXGroup;
			children = (
				AE898C922AF5318E00882501 /* Programmers_Coding_Test */,
			);
			name = Products;
			sourceTree = "<group>";
		};
		AE898C942AF5318E00882501 /* Programmers_Coding_Test */ = {
			isa = PBXGroup;
			children = (
				CA5FB12F2AF869E300D6D526 /* main.swift */,
				AE898C952AF5318E00882501 /* 짝수와 홀수.swift */,
				AE0C233B2AF7D17600EBB864 /* 나머지가 1이 되는 수 찾기.swift */,
				CA5FB1312AF869F000D6D526 /* 정수 제곱근 판별.swift */,
				CA5FB1372AF9BDB900D6D526 /* 자연수 뒤집어 배열로 만들기.swift */,
				CA5FB1392AF9BEB000D6D526 /* x만큼 간격이 있는 n개의 숫자.swift */,
				CAAD326A2AFC7CCF001761A3 /* 문자열 내 p와 y의 갯수.swift */,
				CAAD326E2AFC7D49001761A3 /* 정수 내림차순으로 배치하기.swift */,
				AE0C23612AFE70F000EBB864 /* 하샤드 수.swift */,
				AE1F6C4E2B00FD1800E8F3A4 /* 문자열을 정수로 바꾸기.swift */,
				CAC97E172B01A42900F10AF0 /* 콜라츠 추측.swift */,
				CAC97E192B01A95800F10AF0 /* 서울에서 김서방 찾기.swift */,
				CAC97E1B2B01DD4300F10AF0 /* 핸드폰 번호 가리기.swift */,
				CAC97E1D2B01E06E00F10AF0 /* 제일 작은 수 제거하기.swift */,
				CAC97E1F2B03032800F10AF0 /* 음양 더하기.swift */,
				CAC97E212B05BA0500F10AF0 /* 나누어 떨어지는 숫자 배열.swift */,
				AE7DC5702B072A2C0019249F /* 없는 숫자 더하기.swift */,
				AE7DC5782B08FD4E0019249F /* 두 정수 사이의 합.swift */,
				CA6065A32B0C2E71002B4912 /* 가운데 글자 가져오기.swift */,
				CA6065A72B0D84C8002B4912 /* 내적.swift */,
				CA6065B52B0ED676002B4912 /* 수박수박수박수박수.swift */,
				AE7DC5802B0F91EC0019249F /* 약수의 갯수와 덧셈.swift */,
				CA3D47D82B102A7B00A831F2 /* 문자열 내림차순으로 배치하기.swift */,
				AE7DC5822B1237830019249F /* 문자열 다루기 기본.swift */,
				AE7DC5842B136E250019249F /* 행렬의 덧셈.swift */,
				AE7DC58A2B1CA9A00019249F /* 최대공약수와 최소공배수.swift */,
				CA8FE1AB2B1D58CD003C27BE /* 최댓값과 최솟값.swift */,
				CA3755292B1E9ED000904985 /* JadenCase 문자열 만들기.swift */,
				CA37552B2B1FF70100904985 /* 최솟값 만들기.swift */,
				CA0FD7822B26922500F1E3EE /* 올바른 괄호.swift */,
				CA0FD7842B27F87C00F1E3EE /* 3진법 뒤집기.swift */,
				CA0FD7862B28263900F1E3EE /* 이상한 문자 만들기.swift */,
				CAAEC2AE2B292E6600E1F807 /* 이진 변환 반복하기.swift */,
				CAAEC2B02B2A88FB00E1F807 /* 크기가 작은 부분문자열.swift */,
				CAAEC2B22B2AD31C00E1F807 /* 다음 큰 숫자.swift */,
				CA85BB3C2B2C253900528A29 /* 삼총사.swift */,
				CAAEF1202B31248E00673353 /* 최소직사각형.swift */,
				CAAEF1222B312DBF00673353 /* 피보나치 수.swift */,
				CAAEF1242B3158EA00673353 /* 시저 암호.swift */,
				CAAEF1262B32839F00673353 /* 짝지어 제거하기.swift */,
				CAAEF1282B32B90E00673353 /* 완전탐색 - 카펫.swift */,
				CAAEF1762B3A4ED100673353 /* 가장 가까운 같은 글자.swift */,
				CA57EBDB2B3BBB0800797473 /* 숫자 문자열과 영단어.swift */,
				CA57EBDE2B3D08FE00797473 /* 문자열 내 마음대로 정렬하기.swift */,
				CA57EBE02B451A8700797473 /* K번째수.swift */,
				CA57EBE22B4539EF00797473 /* 푸드 파이트 대회.swift */,
				CA57EBE42B462E7500797473 /* 영어 끝말잇기.swift */,
				CA57EBEB2B477DBE00797473 /* 두 개 뽑아서 더하기.swift */,
				CA57EBED2B47857F00797473 /* 예상 대진표.swift */,
				CA57EBEF2B47958500797473 /* [1차] 비밀지도.swift */,
				CA57EBF42B4B91FC00797473 /* 점프와 순간 이동.swift */,
				CA57EBF62B4BB05500797473 /* 콜라 문제.swift */,
				CA57EBF82B4BBD9200797473 /* N개의 최소공배수.swift */,
				CA57EBFA2B4CD5F700797473 /* 멀리 뛰기.swift */,
				CAAA6ED92B4FC2FB0041AA5C /* 추억 점수.swift */,
				CAAA6EDB2B511A140041AA5C /* 귤 고르기.swift */,
				CAAA6EDD2B5612CD0041AA5C /* 연속 부분 수열 합의 갯수.swift */,
				CA7E82562B5F4306002BAAA3 /* 카드 뭉치.swift */,
				CA7E82582B5F4994002BAAA3 /* 괄호 회전하기.swift */,
				CA7E82752B620120002BAAA3 /* n^2 배열 자르기.swift */,
				CA7E82792B623D6B002BAAA3 /* 할인 행사.swift */,
			);
			path = Programmers_Coding_Test;
			sourceTree = "<group>";
		};
/* End PBXGroup section */

/* Begin PBXNativeTarget section */
		AE898C912AF5318E00882501 /* Programmers_Coding_Test */ = {
			isa = PBXNativeTarget;
			buildConfigurationList = AE898C992AF5318E00882501 /* Build configuration list for PBXNativeTarget "Programmers_Coding_Test" */;
			buildPhases = (
				AE898C8E2AF5318E00882501 /* Sources */,
				AE898C8F2AF5318E00882501 /* Frameworks */,
				AE898C902AF5318E00882501 /* CopyFiles */,
			);
			buildRules = (
			);
			dependencies = (
			);
			name = Programmers_Coding_Test;
			productName = Programmers_Coding_Test;
			productReference = AE898C922AF5318E00882501 /* Programmers_Coding_Test */;
			productType = "com.apple.product-type.tool";
		};
/* End PBXNativeTarget section */

/* Begin PBXProject section */
		AE898C8A2AF5318E00882501 /* Project object */ = {
			isa = PBXProject;
			attributes = {
				BuildIndependentTargetsInParallel = 1;
				LastSwiftUpdateCheck = 1500;
				LastUpgradeCheck = 1500;
				TargetAttributes = {
					AE898C912AF5318E00882501 = {
						CreatedOnToolsVersion = 15.0;
					};
				};
			};
			buildConfigurationList = AE898C8D2AF5318E00882501 /* Build configuration list for PBXProject "Programmers_Coding_Test" */;
			compatibilityVersion = "Xcode 14.0";
			developmentRegion = en;
			hasScannedForEncodings = 0;
			knownRegions = (
				en,
				Base,
			);
			mainGroup = AE898C892AF5318E00882501;
			productRefGroup = AE898C932AF5318E00882501 /* Products */;
			projectDirPath = "";
			projectRoot = "";
			targets = (
				AE898C912AF5318E00882501 /* Programmers_Coding_Test */,
			);
		};
/* End PBXProject section */

/* Begin PBXSourcesBuildPhase section */
		AE898C8E2AF5318E00882501 /* Sources */ = {
			isa = PBXSourcesBuildPhase;
			buildActionMask = 2147483647;
			files = (
				CAAEF1292B32B90E00673353 /* 완전탐색 - 카펫.swift in Sources */,
				CAAEF1212B31248E00673353 /* 최소직사각형.swift in Sources */,
				CAAEF1772B3A4ED100673353 /* 가장 가까운 같은 글자.swift in Sources */,
				CA57EBE12B451A8700797473 /* K번째수.swift in Sources */,
				CAAD326F2AFC7D49001761A3 /* 정수 내림차순으로 배치하기.swift in Sources */,
				CA7E82592B5F4994002BAAA3 /* 괄호 회전하기.swift in Sources */,
				CAC97E182B01A42900F10AF0 /* 콜라츠 추측.swift in Sources */,
				CAC97E222B05BA0500F10AF0 /* 나누어 떨어지는 숫자 배열.swift in Sources */,
				AE0C233C2AF7D17600EBB864 /* 나머지가 1이 되는 수 찾기.swift in Sources */,
				CA5FB1382AF9BDB900D6D526 /* 자연수 뒤집어 배열로 만들기.swift in Sources */,
				CAAEC2B32B2AD31C00E1F807 /* 다음 큰 숫자.swift in Sources */,
				CA5FB1322AF869F000D6D526 /* 정수 제곱근 판별.swift in Sources */,
				CA57EBEC2B477DBE00797473 /* 두 개 뽑아서 더하기.swift in Sources */,
				AE898C962AF5318E00882501 /* 짝수와 홀수.swift in Sources */,
				AE7DC5712B072A2C0019249F /* 없는 숫자 더하기.swift in Sources */,
				CAAD326B2AFC7CCF001761A3 /* 문자열 내 p와 y의 갯수.swift in Sources */,
				CA57EBDF2B3D08FE00797473 /* 문자열 내 마음대로 정렬하기.swift in Sources */,
				CA37552A2B1E9ED000904985 /* JadenCase 문자열 만들기.swift in Sources */,
				CA5FB13A2AF9BEB000D6D526 /* x만큼 간격이 있는 n개의 숫자.swift in Sources */,
				CA0FD7832B26922500F1E3EE /* 올바른 괄호.swift in Sources */,
				CA57EBDC2B3BBB0800797473 /* 숫자 문자열과 영단어.swift in Sources */,
				AE0C23622AFE70F000EBB864 /* 하샤드 수.swift in Sources */,
				CAC97E1A2B01A95800F10AF0 /* 서울에서 김서방 찾기.swift in Sources */,
				CA7E82762B620120002BAAA3 /* n^2 배열 자르기.swift in Sources */,
				CA0FD7852B27F87C00F1E3EE /* 3진법 뒤집기.swift in Sources */,
				CA57EBF02B47958500797473 /* [1차] 비밀지도.swift in Sources */,
				CA57EBF52B4B91FC00797473 /* 점프와 순간 이동.swift in Sources */,
				CAC97E1E2B01E06E00F10AF0 /* 제일 작은 수 제거하기.swift in Sources */,
				CAAA6EDC2B511A140041AA5C /* 귤 고르기.swift in Sources */,
				CA57EBF72B4BB05500797473 /* 콜라 문제.swift in Sources */,
				AE1F6C4F2B00FD1800E8F3A4 /* 문자열을 정수로 바꾸기.swift in Sources */,
				CA57EBE52B462E7500797473 /* 영어 끝말잇기.swift in Sources */,
				CA57EBEE2B47857F00797473 /* 예상 대진표.swift in Sources */,
				CAC97E1C2B01DD4300F10AF0 /* 핸드폰 번호 가리기.swift in Sources */,
				CAAEC2B12B2A88FB00E1F807 /* 크기가 작은 부분문자열.swift in Sources */,
				CA37552C2B1FF70100904985 /* 최솟값 만들기.swift in Sources */,
				AE7DC5812B0F91EC0019249F /* 약수의 갯수와 덧셈.swift in Sources */,
				CAAEF1272B32839F00673353 /* 짝지어 제거하기.swift in Sources */,
				CA57EBFB2B4CD5F700797473 /* 멀리 뛰기.swift in Sources */,
				CA0FD7872B28263900F1E3EE /* 이상한 문자 만들기.swift in Sources */,
				CA6065A82B0D84C8002B4912 /* 내적.swift in Sources */,
				CA6065B62B0ED676002B4912 /* 수박수박수박수박수.swift in Sources */,
				CA57EBF92B4BBD9200797473 /* N개의 최소공배수.swift in Sources */,
				AE7DC58B2B1CA9A00019249F /* 최대공약수와 최소공배수.swift in Sources */,
				CA3D47D92B102A7B00A831F2 /* 문자열 내림차순으로 배치하기.swift in Sources */,
				CAAEC2AF2B292E6600E1F807 /* 이진 변환 반복하기.swift in Sources */,
				CA7E82572B5F4306002BAAA3 /* 카드 뭉치.swift in Sources */,
				CA7E827A2B623D6B002BAAA3 /* 할인 행사.swift in Sources */,
				CA8FE1AC2B1D58CD003C27BE /* 최댓값과 최솟값.swift in Sources */,
				CA57EBE32B4539EF00797473 /* 푸드 파이트 대회.swift in Sources */,
				CA6065A42B0C2E71002B4912 /* 가운데 글자 가져오기.swift in Sources */,
				CAAEF1252B3158EA00673353 /* 시저 암호.swift in Sources */,
				CAAA6EDE2B5612CD0041AA5C /* 연속 부분 수열 합의 갯수.swift in Sources */,
				CAAA6EDA2B4FC2FB0041AA5C /* 추억 점수.swift in Sources */,
				CAAEF1232B312DBF00673353 /* 피보나치 수.swift in Sources */,
				CA5FB1302AF869E300D6D526 /* main.swift in Sources */,
				CA85BB3D2B2C253900528A29 /* 삼총사.swift in Sources */,
				AE7DC5852B136E250019249F /* 행렬의 덧셈.swift in Sources */,
				CAC97E202B03032800F10AF0 /* 음양 더하기.swift in Sources */,
				AE7DC5792B08FD4E0019249F /* 두 정수 사이의 합.swift in Sources */,
				AE7DC5832B1237830019249F /* 문자열 다루기 기본.swift in Sources */,
			);
			runOnlyForDeploymentPostprocessing = 0;
		};
/* End PBXSourcesBuildPhase section */

/* Begin XCBuildConfiguration section */
		AE898C972AF5318E00882501 /* Debug */ = {
			isa = XCBuildConfiguration;
			buildSettings = {
				ALWAYS_SEARCH_USER_PATHS = NO;
				ASSETCATALOG_COMPILER_GENERATE_SWIFT_ASSET_SYMBOL_EXTENSIONS = YES;
				CLANG_ANALYZER_NONNULL = YES;
				CLANG_ANALYZER_NUMBER_OBJECT_CONVERSION = YES_AGGRESSIVE;
				CLANG_CXX_LANGUAGE_STANDARD = "gnu++20";
				CLANG_ENABLE_MODULES = YES;
				CLANG_ENABLE_OBJC_ARC = YES;
				CLANG_ENABLE_OBJC_WEAK = YES;
				CLANG_WARN_BLOCK_CAPTURE_AUTORELEASING = YES;
				CLANG_WARN_BOOL_CONVERSION = YES;
				CLANG_WARN_COMMA = YES;
				CLANG_WARN_CONSTANT_CONVERSION = YES;
				CLANG_WARN_DEPRECATED_OBJC_IMPLEMENTATIONS = YES;
				CLANG_WARN_DIRECT_OBJC_ISA_USAGE = YES_ERROR;
				CLANG_WARN_DOCUMENTATION_COMMENTS = YES;
				CLANG_WARN_EMPTY_BODY = YES;
				CLANG_WARN_ENUM_CONVERSION = YES;
				CLANG_WARN_INFINITE_RECURSION = YES;
				CLANG_WARN_INT_CONVERSION = YES;
				CLANG_WARN_NON_LITERAL_NULL_CONVERSION = YES;
				CLANG_WARN_OBJC_IMPLICIT_RETAIN_SELF = YES;
				CLANG_WARN_OBJC_LITERAL_CONVERSION = YES;
				CLANG_WARN_OBJC_ROOT_CLASS = YES_ERROR;
				CLANG_WARN_QUOTED_INCLUDE_IN_FRAMEWORK_HEADER = YES;
				CLANG_WARN_RANGE_LOOP_ANALYSIS = YES;
				CLANG_WARN_STRICT_PROTOTYPES = YES;
				CLANG_WARN_SUSPICIOUS_MOVE = YES;
				CLANG_WARN_UNGUARDED_AVAILABILITY = YES_AGGRESSIVE;
				CLANG_WARN_UNREACHABLE_CODE = YES;
				CLANG_WARN__DUPLICATE_METHOD_MATCH = YES;
				COPY_PHASE_STRIP = NO;
				DEBUG_INFORMATION_FORMAT = dwarf;
				ENABLE_STRICT_OBJC_MSGSEND = YES;
				ENABLE_TESTABILITY = YES;
				ENABLE_USER_SCRIPT_SANDBOXING = YES;
				GCC_C_LANGUAGE_STANDARD = gnu17;
				GCC_DYNAMIC_NO_PIC = NO;
				GCC_NO_COMMON_BLOCKS = YES;
				GCC_OPTIMIZATION_LEVEL = 0;
				GCC_PREPROCESSOR_DEFINITIONS = (
					"DEBUG=1",
					"$(inherited)",
				);
				GCC_WARN_64_TO_32_BIT_CONVERSION = YES;
				GCC_WARN_ABOUT_RETURN_TYPE = YES_ERROR;
				GCC_WARN_UNDECLARED_SELECTOR = YES;
				GCC_WARN_UNINITIALIZED_AUTOS = YES_AGGRESSIVE;
				GCC_WARN_UNUSED_FUNCTION = YES;
				GCC_WARN_UNUSED_VARIABLE = YES;
				LOCALIZATION_PREFERS_STRING_CATALOGS = YES;
				MACOSX_DEPLOYMENT_TARGET = 14.0;
				MTL_ENABLE_DEBUG_INFO = INCLUDE_SOURCE;
				MTL_FAST_MATH = YES;
				ONLY_ACTIVE_ARCH = YES;
				SDKROOT = macosx;
				SWIFT_ACTIVE_COMPILATION_CONDITIONS = "DEBUG $(inherited)";
				SWIFT_OPTIMIZATION_LEVEL = "-Onone";
			};
			name = Debug;
		};
		AE898C982AF5318E00882501 /* Release */ = {
			isa = XCBuildConfiguration;
			buildSettings = {
				ALWAYS_SEARCH_USER_PATHS = NO;
				ASSETCATALOG_COMPILER_GENERATE_SWIFT_ASSET_SYMBOL_EXTENSIONS = YES;
				CLANG_ANALYZER_NONNULL = YES;
				CLANG_ANALYZER_NUMBER_OBJECT_CONVERSION = YES_AGGRESSIVE;
				CLANG_CXX_LANGUAGE_STANDARD = "gnu++20";
				CLANG_ENABLE_MODULES = YES;
				CLANG_ENABLE_OBJC_ARC = YES;
				CLANG_ENABLE_OBJC_WEAK = YES;
				CLANG_WARN_BLOCK_CAPTURE_AUTORELEASING = YES;
				CLANG_WARN_BOOL_CONVERSION = YES;
				CLANG_WARN_COMMA = YES;
				CLANG_WARN_CONSTANT_CONVERSION = YES;
				CLANG_WARN_DEPRECATED_OBJC_IMPLEMENTATIONS = YES;
				CLANG_WARN_DIRECT_OBJC_ISA_USAGE = YES_ERROR;
				CLANG_WARN_DOCUMENTATION_COMMENTS = YES;
				CLANG_WARN_EMPTY_BODY = YES;
				CLANG_WARN_ENUM_CONVERSION = YES;
				CLANG_WARN_INFINITE_RECURSION = YES;
				CLANG_WARN_INT_CONVERSION = YES;
				CLANG_WARN_NON_LITERAL_NULL_CONVERSION = YES;
				CLANG_WARN_OBJC_IMPLICIT_RETAIN_SELF = YES;
				CLANG_WARN_OBJC_LITERAL_CONVERSION = YES;
				CLANG_WARN_OBJC_ROOT_CLASS = YES_ERROR;
				CLANG_WARN_QUOTED_INCLUDE_IN_FRAMEWORK_HEADER = YES;
				CLANG_WARN_RANGE_LOOP_ANALYSIS = YES;
				CLANG_WARN_STRICT_PROTOTYPES = YES;
				CLANG_WARN_SUSPICIOUS_MOVE = YES;
				CLANG_WARN_UNGUARDED_AVAILABILITY = YES_AGGRESSIVE;
				CLANG_WARN_UNREACHABLE_CODE = YES;
				CLANG_WARN__DUPLICATE_METHOD_MATCH = YES;
				COPY_PHASE_STRIP = NO;
				DEBUG_INFORMATION_FORMAT = "dwarf-with-dsym";
				ENABLE_NS_ASSERTIONS = NO;
				ENABLE_STRICT_OBJC_MSGSEND = YES;
				ENABLE_USER_SCRIPT_SANDBOXING = YES;
				GCC_C_LANGUAGE_STANDARD = gnu17;
				GCC_NO_COMMON_BLOCKS = YES;
				GCC_WARN_64_TO_32_BIT_CONVERSION = YES;
				GCC_WARN_ABOUT_RETURN_TYPE = YES_ERROR;
				GCC_WARN_UNDECLARED_SELECTOR = YES;
				GCC_WARN_UNINITIALIZED_AUTOS = YES_AGGRESSIVE;
				GCC_WARN_UNUSED_FUNCTION = YES;
				GCC_WARN_UNUSED_VARIABLE = YES;
				LOCALIZATION_PREFERS_STRING_CATALOGS = YES;
				MACOSX_DEPLOYMENT_TARGET = 14.0;
				MTL_ENABLE_DEBUG_INFO = NO;
				MTL_FAST_MATH = YES;
				SDKROOT = macosx;
				SWIFT_COMPILATION_MODE = wholemodule;
			};
			name = Release;
		};
		AE898C9A2AF5318E00882501 /* Debug */ = {
			isa = XCBuildConfiguration;
			buildSettings = {
				CODE_SIGN_STYLE = Automatic;
				DEVELOPMENT_TEAM = 7HN73WS8Q5;
				ENABLE_HARDENED_RUNTIME = YES;
				PRODUCT_NAME = "$(TARGET_NAME)";
				SWIFT_VERSION = 5.0;
			};
			name = Debug;
		};
		AE898C9B2AF5318E00882501 /* Release */ = {
			isa = XCBuildConfiguration;
			buildSettings = {
				CODE_SIGN_STYLE = Automatic;
				DEVELOPMENT_TEAM = 7HN73WS8Q5;
				ENABLE_HARDENED_RUNTIME = YES;
				PRODUCT_NAME = "$(TARGET_NAME)";
				SWIFT_VERSION = 5.0;
			};
			name = Release;
		};
/* End XCBuildConfiguration section */

/* Begin XCConfigurationList section */
		AE898C8D2AF5318E00882501 /* Build configuration list for PBXProject "Programmers_Coding_Test" */ = {
			isa = XCConfigurationList;
			buildConfigurations = (
				AE898C972AF5318E00882501 /* Debug */,
				AE898C982AF5318E00882501 /* Release */,
			);
			defaultConfigurationIsVisible = 0;
			defaultConfigurationName = Release;
		};
		AE898C992AF5318E00882501 /* Build configuration list for PBXNativeTarget "Programmers_Coding_Test" */ = {
			isa = XCConfigurationList;
			buildConfigurations = (
				AE898C9A2AF5318E00882501 /* Debug */,
				AE898C9B2AF5318E00882501 /* Release */,
			);
			defaultConfigurationIsVisible = 0;
			defaultConfigurationName = Release;
		};
/* End XCConfigurationList section */
	};
	rootObject = AE898C8A2AF5318E00882501 /* Project object */;
}
